
Microsoft Visual Studio Solution File, Format Version 12.00
# Visual Studio Version 16
VisualStudioVersion = 16.0.29503.13
MinimumVisualStudioVersion = 10.0.40219.1
Project("{8BC9CEB8-8B4A-11D0-8D11-00A0C91BC942}") = "Lab11", "Lab11\Lab11.vcxproj", "{54273C10-5029-48F8-8D6D-C35C8BE81092}"
EndProject
Project("{8BC9CEB8-8B4A-11D0-8D11-00A0C91BC942}") = "Task2", "Task2\Task2.vcxproj", "{3753FF96-D065-459D-BF32-64576E41A371}"
EndProject
Global
	GlobalSection(SolutionConfigurationPlatforms) = preSolution
		Debug|x64 = Debug|x64
		Debug|x86 = Debug|x86
		Release|x64 = Release|x64
		Release|x86 = Release|x86
	EndGlobalSection
	GlobalSection(ProjectConfigurationPlatforms) = postSolution
		{54273C10-5029-48F8-8D6D-C35C8BE81092}.Debug|x64.ActiveCfg = Debug|x64
		{54273C10-5029-48F8-8D6D-C35C8BE81092}.Debug|x64.Build.0 = Debug|x64
		{54273C10-5029-48F8-8D6D-C35C8BE81092}.Debug|x86.ActiveCfg = Debug|Win32
		{54273C10-5029-48F8-8D6D-C35C8BE81092}.Debug|x86.Build.0 = Debug|Win32
		{54273C10-5029-48F8-8D6D-C35C8BE81092}.Release|x64.ActiveCfg = Release|x64
		{54273C10-5029-48F8-8D6D-C35C8BE81092}.Release|x64.Build.0 = Release|x64
		{54273C10-5029-48F8-8D6D-C35C8BE81092}.Release|x86.ActiveCfg = Release|Win32
		{54273C10-5029-48F8-8D6D-C35C8BE81092}.Release|x86.Build.0 = Release|Win32
		{3753FF96-D065-459D-BF32-64576E41A371}.Debug|x64.ActiveCfg = Debug|x64
		{3753FF96-D065-459D-BF32-64576E41A371}.Debug|x64.Build.0 = Debug|x64
		{3753FF96-D065-459D-BF32-64576E41A371}.Debug|x86.ActiveCfg = Debug|Win32
		{3753FF96-D065-459D-BF32-64576E41A371}.Debug|x86.Build.0 = Debug|Win32
		{3753FF96-D065-459D-BF32-64576E41A371}.Release|x64.ActiveCfg = Release|x64
		{3753FF96-D065-459D-BF32-64576E41A371}.Release|x64.Build.0 = Release|x64
		{3753FF96-D065-459D-BF32-64576E41A371}.Release|x86.ActiveCfg = Release|Win32
		{3753FF96-D065-459D-BF32-64576E41A371}.Release|x86.Build.0 = Release|Win32
	EndGlobalSection
	GlobalSection(SolutionProperties) = preSolution
		HideSolutionNode = FALSE
	EndGlobalSection
	GlobalSection(ExtensibilityGlobals) = postSolution
		SolutionGuid = {BF826E47-CF4C-4D29-8865-B609272390B8}
	EndGlobalSection
EndGlobal
